// !$*UTF8*$!
{
	archiveVersion = 1;
	classes = {
	};
	objectVersion = 46;
	objects = {

/* Begin PBXBuildFile section */
		D001FD301BEE3E3000F772E5 /* AppDelegate.swift in Sources */ = {isa = PBXBuildFile; fileRef = D001FD2F1BEE3E3000F772E5 /* AppDelegate.swift */; };
		D001FD321BEE3E3000F772E5 /* ViewController.swift in Sources */ = {isa = PBXBuildFile; fileRef = D001FD311BEE3E3000F772E5 /* ViewController.swift */; };
		D001FD341BEE3E3000F772E5 /* Assets.xcassets in Resources */ = {isa = PBXBuildFile; fileRef = D001FD331BEE3E3000F772E5 /* Assets.xcassets */; };
		D001FD371BEE3E3000F772E5 /* Main.storyboard in Resources */ = {isa = PBXBuildFile; fileRef = D001FD351BEE3E3000F772E5 /* Main.storyboard */; };
		D001FD3F1BEE3E8C00F772E5 /* weatherdata.txt in Resources */ = {isa = PBXBuildFile; fileRef = D001FD3E1BEE3E8C00F772E5 /* weatherdata.txt */; };
		D001FD421BEE3FC300F772E5 /* Day.swift in Sources */ = {isa = PBXBuildFile; fileRef = D001FD411BEE3FC300F772E5 /* Day.swift */; };
/* End PBXBuildFile section */

/* Begin PBXFileReference section */
		D001FD2C1BEE3E3000F772E5 /* WeatherDataLoader.app */ = {isa = PBXFileReference; explicitFileType = wrapper.application; includeInIndex = 0; path = WeatherDataLoader.app; sourceTree = BUILT_PRODUCTS_DIR; };
		D001FD2F1BEE3E3000F772E5 /* AppDelegate.swift */ = {isa = PBXFileReference; lastKnownFileType = sourcecode.swift; path = AppDelegate.swift; sourceTree = "<group>"; };
		D001FD311BEE3E3000F772E5 /* ViewController.swift */ = {isa = PBXFileReference; lastKnownFileType = sourcecode.swift; path = ViewController.swift; sourceTree = "<group>"; };
		D001FD331BEE3E3000F772E5 /* Assets.xcassets */ = {isa = PBXFileReference; lastKnownFileType = folder.assetcatalog; path = Assets.xcassets; sourceTree = "<group>"; };
		D001FD361BEE3E3000F772E5 /* Base */ = {isa = PBXFileReference; lastKnownFileType = file.storyboard; name = Base; path = Base.lproj/Main.storyboard; sourceTree = "<group>"; };
		D001FD381BEE3E3000F772E5 /* Info.plist */ = {isa = PBXFileReference; lastKnownFileType = text.plist.xml; path = Info.plist; sourceTree = "<group>"; };
		D001FD3E1BEE3E8C00F772E5 /* weatherdata.txt */ = {isa = PBXFileReference; fileEncoding = 4; lastKnownFileType = text; path = weatherdata.txt; sourceTree = "<group>"; };
		D001FD411BEE3FC300F772E5 /* Day.swift */ = {isa = PBXFileReference; fileEncoding = 4; lastKnownFileType = sourcecode.swift; path = Day.swift; sourceTree = "<group>"; };
/* End PBXFileReference section */

/* Begin PBXFrameworksBuildPhase section */
		D001FD291BEE3E3000F772E5 /* Frameworks */ = {
			isa = PBXFrameworksBuildPhase;
			buildActionMask = 2147483647;
			files = (
			);
			runOnlyForDeploymentPostprocessing = 0;
		};
/* End PBXFrameworksBuildPhase section */

/* Begin PBXGroup section */
		D001FD231BEE3E3000F772E5 = {
			isa = PBXGroup;
			children = (
				D001FD2E1BEE3E3000F772E5 /* WeatherDataLoader */,
				D001FD2D1BEE3E3000F772E5 /* Products */,
			);
			sourceTree = "<group>";
		};
		D001FD2D1BEE3E3000F772E5 /* Products */ = {
			isa = PBXGroup;
			children = (
				D001FD2C1BEE3E3000F772E5 /* WeatherDataLoader.app */,
			);
			name = Products;
			sourceTree = "<group>";
		};
		D001FD2E1BEE3E3000F772E5 /* WeatherDataLoader */ = {
			isa = PBXGroup;
			children = (
				D001FD401BEE3E9300F772E5 /* Resources */,
				D001FD2F1BEE3E3000F772E5 /* AppDelegate.swift */,
				D001FD311BEE3E3000F772E5 /* ViewController.swift */,
				D001FD331BEE3E3000F772E5 /* Assets.xcassets */,
				D001FD351BEE3E3000F772E5 /* Main.storyboard */,
				D001FD381BEE3E3000F772E5 /* Info.plist */,
				D001FD411BEE3FC300F772E5 /* Day.swift */,
			);
			path = WeatherDataLoader;
			sourceTree = "<group>";
		};
		D001FD401BEE3E9300F772E5 /* Resources */ = {
			isa = PBXGroup;
			children = (
				D001FD3E1BEE3E8C00F772E5 /* weatherdata.txt */,
			);
			name = Resources;
			sourceTree = "<group>";
		};
/* End PBXGroup section */

/* Begin PBXNativeTarget section */
		D001FD2B1BEE3E3000F772E5 /* WeatherDataLoader */ = {
			isa = PBXNativeTarget;
			buildConfigurationList = D001FD3B1BEE3E3000F772E5 /* Build configuration list for PBXNativeTarget "WeatherDataLoader" */;
			buildPhases = (
				D001FD281BEE3E3000F772E5 /* Sources */,
				D001FD291BEE3E3000F772E5 /* Frameworks */,
				D001FD2A1BEE3E3000F772E5 /* Resources */,
			);
			buildRules = (
			);
			dependencies = (
			);
			name = WeatherDataLoader;
			productName = WeatherDataLoader;
			productReference = D001FD2C1BEE3E3000F772E5 /* WeatherDataLoader.app */;
			productType = "com.apple.product-type.application";
		};
/* End PBXNativeTarget section */

/* Begin PBXProject section */
		D001FD241BEE3E3000F772E5 /* Project object */ = {
			isa = PBXProject;
			attributes = {
				LastSwiftUpdateCheck = 0710;
				LastUpgradeCheck = 0710;
				ORGANIZATIONNAME = "Justin Ferre";
				TargetAttributes = {
					D001FD2B1BEE3E3000F772E5 = {
						CreatedOnToolsVersion = 7.1;
					};
				};
			};
			buildConfigurationList = D001FD271BEE3E3000F772E5 /* Build configuration list for PBXProject "WeatherDataLoader" */;
			compatibilityVersion = "Xcode 3.2";
			developmentRegion = English;
			hasScannedForEncodings = 0;
			knownRegions = (
				en,
				Base,
			);
			mainGroup = D001FD231BEE3E3000F772E5;
			productRefGroup = D001FD2D1BEE3E3000F772E5 /* Products */;
			projectDirPath = "";
			projectRoot = "";
			targets = (
				D001FD2B1BEE3E3000F772E5 /* WeatherDataLoader */,
			);
		};
/* End PBXProject section */

/* Begin PBXResourcesBuildPhase section */
		D001FD2A1BEE3E3000F772E5 /* Resources */ = {
			isa = PBXResourcesBuildPhase;
			buildActionMask = 2147483647;
			files = (
				D001FD3F1BEE3E8C00F772E5 /* weatherdata.txt in Resources */,
				D001FD341BEE3E3000F772E5 /* Assets.xcassets in Resources */,
				D001FD371BEE3E3000F772E5 /* Main.storyboard in Resources */,
			);
			runOnlyForDeploymentPostprocessing = 0;
		};
/* End PBXResourcesBuildPhase section */

/* Begin PBXSourcesBuildPhase section */
		D001FD281BEE3E3000F772E5 /* Sources */ = {
			isa = PBXSourcesBuildPhase;
			buildActionMask = 2147483647;
			files = (
				D001FD321BEE3E3000F772E5 /* ViewController.swift in Sources */,
				D001FD301BEE3E3000F772E5 /* AppDelegate.swift in Sources */,
				D001FD421BEE3FC300F772E5 /* Day.swift in Sources */,
			);
			runOnlyForDeploymentPostprocessing = 0;
		};
/* End PBXSourcesBuildPhase section */

/* Begin PBXVariantGroup section */
		D001FD351BEE3E3000F772E5 /* Main.storyboard */ = {
			isa = PBXVariantGroup;
			children = (
				D001FD361BEE3E3000F772E5 /* Base */,
			);
			name = Main.storyboard;
			sourceTree = "<group>";
		};
/* End PBXVariantGroup section */

/* Begin XCBuildConfiguration section */
		D001FD391BEE3E3000F772E5 /* Debug */ = {
			isa = XCBuildConfiguration;
			buildSettings = {
				ALWAYS_SEARCH_USER_PATHS = NO;
				CLANG_CXX_LANGUAGE_STANDARD = "gnu++0x";
				CLANG_CXX_LIBRARY = "libc++";
				CLANG_ENABLE_MODULES = YES;
				CLANG_ENABLE_OBJC_ARC = YES;
				CLANG_WARN_BOOL_CONVERSION = YES;
				CLANG_WARN_CONSTANT_CONVERSION = YES;
				CLANG_WARN_DIRECT_OBJC_ISA_USAGE = YES_ERROR;
				CLANG_WARN_EMPTY_BODY = YES;
				CLANG_WARN_ENUM_CONVERSION = YES;
				CLANG_WARN_INT_CONVERSION = YES;
				CLANG_WARN_OBJC_ROOT_CLASS = YES_ERROR;
				CLANG_WARN_UNREACHABLE_CODE = YES;
				CLANG_WARN__DUPLICATE_METHOD_MATCH = YES;
				CODE_SIGN_IDENTITY = "-";
				COPY_PHASE_STRIP = NO;
				DEBUG_INFORMATION_FORMAT = dwarf;
				ENABLE_STRICT_OBJC_MSGSEND = YES;
				ENABLE_TESTABILITY = YES;
				GCC_C_LANGUAGE_STANDARD = gnu99;
				GCC_DYNAMIC_NO_PIC = NO;
				GCC_NO_COMMON_BLOCKS = YES;
				GCC_OPTIMIZATION_LEVEL = 0;
				GCC_PREPROCESSOR_DEFINITIONS = (
					"DEBUG=1",
					"$(inherited)",
				);
				GCC_WARN_64_TO_32_BIT_CONVERSION = YES;
				GCC_WARN_ABOUT_RETURN_TYPE = YES_ERROR;
				GCC_WARN_UNDECLARED_SELECTOR = YES;
				GCC_WARN_UNINITIALIZED_AUTOS = YES_AGGRESSIVE;
				GCC_WARN_UNUSED_FUNCTION = YES;
				GCC_WARN_UNUSED_VARIABLE = YES;
				MACOSX_DEPLOYMENT_TARGET = 10.11;
				MTL_ENABLE_DEBUG_INFO = YES;
				ONLY_ACTIVE_ARCH = YES;
				SDKROOT = macosx;
				SWIFT_OPTIMIZATION_LEVEL = "-Onone";
			};
			name = Debug;
		};
		D001FD3A1BEE3E3000F772E5 /* Release */ = {
			isa = XCBuildConfiguration;
			buildSettings = {
				ALWAYS_SEARCH_USER_PATHS = NO;
				CLANG_CXX_LANGUAGE_STANDARD = "gnu++0x";
				CLANG_CXX_LIBRARY = "libc++";
				CLANG_ENABLE_MODULES = YES;
				CLANG_ENABLE_OBJC_ARC = YES;
				CLANG_WARN_BOOL_CONVERSION = YES;
				CLANG_WARN_CONSTANT_CONVERSION = YES;
				CLANG_WARN_DIRECT_OBJC_ISA_USAGE = YES_ERROR;
				CLANG_WARN_EMPTY_BODY = YES;
				CLANG_WARN_ENUM_CONVERSION = YES;
				CLANG_WARN_INT_CONVERSION = YES;
				CLANG_WARN_OBJC_ROOT_CLASS = YES_ERROR;
				CLANG_WARN_UNREACHABLE_CODE = YES;
				CLANG_WARN__DUPLICATE_METHOD_MATCH = YES;
				CODE_SIGN_IDENTITY = "-";
				COPY_PHASE_STRIP = NO;
				DEBUG_INFORMATION_FORMAT = "dwarf-with-dsym";
				ENABLE_NS_ASSERTIONS = NO;
				ENABLE_STRICT_OBJC_MSGSEND = YES;
				GCC_C_LANGUAGE_STANDARD = gnu99;
				GCC_NO_COMMON_BLOCKS = YES;
				GCC_WARN_64_TO_32_BIT_CONVERSION = YES;
				GCC_WARN_ABOUT_RETURN_TYPE = YES_ERROR;
				GCC_WARN_UNDECLARED_SELECTOR = YES;
				GCC_WARN_UNINITIALIZED_AUTOS = YES_AGGRESSIVE;
				GCC_WARN_UNUSED_FUNCTION = YES;
				GCC_WARN_UNUSED_VARIABLE = YES;
				MACOSX_DEPLOYMENT_TARGET = 10.11;
				MTL_ENABLE_DEBUG_INFO = NO;
				SDKROOT = macosx;
			};
			name = Release;
		};
		D001FD3C1BEE3E3000F772E5 /* Debug */ = {
			isa = XCBuildConfiguration;
			buildSettings = {
				ASSETCATALOG_COMPILER_APPICON_NAME = AppIcon;
				COMBINE_HIDPI_IMAGES = YES;
				INFOPLIST_FILE = WeatherDataLoader/Info.plist;
				LD_RUNPATH_SEARCH_PATHS = "$(inherited) @executable_path/../Frameworks";
				PRODUCT_BUNDLE_IDENTIFIER = com.FerreJustin.CodeClinic.WeatherDataLoader;
				PRODUCT_NAME = "$(TARGET_NAME)";
			};
			name = Debug;
		};
		D001FD3D1BEE3E3000F772E5 /* Release */ = {
			isa = XCBuildConfiguration;
			buildSettings = {
				ASSETCATALOG_COMPILER_APPICON_NAME = AppIcon;
				COMBINE_HIDPI_IMAGES = YES;
				INFOPLIST_FILE = WeatherDataLoader/Info.plist;
				LD_RUNPATH_SEARCH_PATHS = "$(inherited) @executable_path/../Frameworks";
				PRODUCT_BUNDLE_IDENTIFIER = com.FerreJustin.CodeClinic.WeatherDataLoader;
				PRODUCT_NAME = "$(TARGET_NAME)";
			};
			name = Release;
		};
/* End XCBuildConfiguration section */

/* Begin XCConfigurationList section */
		D001FD271BEE3E3000F772E5 /* Build configuration list for PBXProject "WeatherDataLoader" */ = {
			isa = XCConfigurationList;
			buildConfigurations = (
				D001FD391BEE3E3000F772E5 /* Debug */,
				D001FD3A1BEE3E3000F772E5 /* Release */,
			);
			defaultConfigurationIsVisible = 0;
			defaultConfigurationName = Release;
		};
		D001FD3B1BEE3E3000F772E5 /* Build configuration list for PBXNativeTarget "WeatherDataLoader" */ = {
			isa = XCConfigurationList;
			buildConfigurations = (
				D001FD3C1BEE3E3000F772E5 /* Debug */,
				D001FD3D1BEE3E3000F772E5 /* Release */,
			);
			defaultConfigurationIsVisible = 0;
		};
/* End XCConfigurationList section */
	};
	rootObject = D001FD241BEE3E3000F772E5 /* Project object */;
}
